
Microsoft Visual Studio Solution File, Format Version 12.00
# Visual Studio Version 16
VisualStudioVersion = 16.0.30611.23
MinimumVisualStudioVersion = 10.0.40219.1
Project("{FAE04EC0-301F-11D3-BF4B-00C04F79EFBC}") = "CreateAuthorize", "CreateAuthorize\CreateAuthorize.csproj", "{A916F7CC-2B16-4B0D-8748-FBD16DBDB72D}"
EndProject
Global
	GlobalSection(SolutionConfigurationPlatforms) = preSolution
		Debug|Any CPU = Debug|Any CPU
		Release|Any CPU = Release|Any CPU
	EndGlobalSection
	GlobalSection(ProjectConfigurationPlatforms) = postSolution
		{A916F7CC-2B16-4B0D-8748-FBD16DBDB72D}.Debug|Any CPU.ActiveCfg = Debug|Any CPU
		{A916F7CC-2B16-4B0D-8748-FBD16DBDB72D}.Debug|Any CPU.Build.0 = Debug|Any CPU
		{A916F7CC-2B16-4B0D-8748-FBD16DBDB72D}.Release|Any CPU.ActiveCfg = Release|Any CPU
		{A916F7CC-2B16-4B0D-8748-FBD16DBDB72D}.Release|Any CPU.Build.0 = Release|Any CPU
	EndGlobalSection
	GlobalSection(SolutionProperties) = preSolution
		HideSolutionNode = FALSE
	EndGlobalSection
	GlobalSection(ExtensibilityGlobals) = postSolution
		SolutionGuid = {C93283C3-EEC2-40AC-A76F-FBB8176FC6A0}
	EndGlobalSection
EndGlobal
