
Microsoft Visual Studio Solution File, Format Version 12.00
# Visual Studio Version 16
VisualStudioVersion = 16.0.31129.286
MinimumVisualStudioVersion = 10.0.40219.1
Project("{FAE04EC0-301F-11D3-BF4B-00C04F79EFBC}") = "BlackBoxTesting", "BlackBoxTesting\BlackBoxTesting.csproj", "{B3233813-788E-4D6B-B416-43DAEAB0AAFF}"
EndProject
Global
	GlobalSection(SolutionConfigurationPlatforms) = preSolution
		Debug|Any CPU = Debug|Any CPU
		Release|Any CPU = Release|Any CPU
	EndGlobalSection
	GlobalSection(ProjectConfigurationPlatforms) = postSolution
		{B3233813-788E-4D6B-B416-43DAEAB0AAFF}.Debug|Any CPU.ActiveCfg = Debug|Any CPU
		{B3233813-788E-4D6B-B416-43DAEAB0AAFF}.Debug|Any CPU.Build.0 = Debug|Any CPU
		{B3233813-788E-4D6B-B416-43DAEAB0AAFF}.Release|Any CPU.ActiveCfg = Release|Any CPU
		{B3233813-788E-4D6B-B416-43DAEAB0AAFF}.Release|Any CPU.Build.0 = Release|Any CPU
	EndGlobalSection
	GlobalSection(SolutionProperties) = preSolution
		HideSolutionNode = FALSE
	EndGlobalSection
	GlobalSection(ExtensibilityGlobals) = postSolution
		SolutionGuid = {0D4F25DD-B928-499B-850E-3E48782154AD}
	EndGlobalSection
EndGlobal
