
Microsoft Visual Studio Solution File, Format Version 12.00
# Visual Studio Version 16
VisualStudioVersion = 16.0.30611.23
MinimumVisualStudioVersion = 10.0.40219.1
Project("{FAE04EC0-301F-11D3-BF4B-00C04F79EFBC}") = "CarServiceApp", "CarServiceApp\CarServiceApp.csproj", "{BF7C47FC-4647-48CF-823F-5F05DD12BAF3}"
EndProject
Global
	GlobalSection(SolutionConfigurationPlatforms) = preSolution
		Debug|Any CPU = Debug|Any CPU
		Release|Any CPU = Release|Any CPU
	EndGlobalSection
	GlobalSection(ProjectConfigurationPlatforms) = postSolution
		{BF7C47FC-4647-48CF-823F-5F05DD12BAF3}.Debug|Any CPU.ActiveCfg = Debug|Any CPU
		{BF7C47FC-4647-48CF-823F-5F05DD12BAF3}.Debug|Any CPU.Build.0 = Debug|Any CPU
		{BF7C47FC-4647-48CF-823F-5F05DD12BAF3}.Release|Any CPU.ActiveCfg = Release|Any CPU
		{BF7C47FC-4647-48CF-823F-5F05DD12BAF3}.Release|Any CPU.Build.0 = Release|Any CPU
	EndGlobalSection
	GlobalSection(SolutionProperties) = preSolution
		HideSolutionNode = FALSE
	EndGlobalSection
	GlobalSection(ExtensibilityGlobals) = postSolution
		SolutionGuid = {B9FCD910-3D48-466C-A51E-0A5E33E633A8}
	EndGlobalSection
EndGlobal
